
Microsoft Visual Studio Solution File, Format Version 12.00
# Visual Studio Version 16
VisualStudioVersion = 16.0.31613.86
MinimumVisualStudioVersion = 10.0.40219.1
Project("{9A19103F-16F7-4668-BE54-9A1E7A4F7556}") = "ClassCreator", "ClassCreator\ClassCreator.csproj", "{E640073B-6082-4896-A630-29F82DD3FE70}"
EndProject
Project("{2150E333-8FDC-42A3-9474-1A3956D46DE8}") = "Solution Items", "Solution Items", "{CFBCB3CD-B41C-4B44-AFA3-84CAAA81F86A}"
	ProjectSection(SolutionItems) = preProject
		ClassCreator\bin\Debug\net5.0\Custom.cs = ClassCreator\bin\Debug\net5.0\Custom.cs
	EndProjectSection
EndProject
Global
	GlobalSection(SolutionConfigurationPlatforms) = preSolution
		Debug|Any CPU = Debug|Any CPU
		Release|Any CPU = Release|Any CPU
	EndGlobalSection
	GlobalSection(ProjectConfigurationPlatforms) = postSolution
		{E640073B-6082-4896-A630-29F82DD3FE70}.Debug|Any CPU.ActiveCfg = Debug|Any CPU
		{E640073B-6082-4896-A630-29F82DD3FE70}.Debug|Any CPU.Build.0 = Debug|Any CPU
		{E640073B-6082-4896-A630-29F82DD3FE70}.Release|Any CPU.ActiveCfg = Release|Any CPU
		{E640073B-6082-4896-A630-29F82DD3FE70}.Release|Any CPU.Build.0 = Release|Any CPU
	EndGlobalSection
	GlobalSection(SolutionProperties) = preSolution
		HideSolutionNode = FALSE
	EndGlobalSection
	GlobalSection(ExtensibilityGlobals) = postSolution
		SolutionGuid = {B692503D-44EA-4774-A1EC-3788D940327B}
	EndGlobalSection
EndGlobal
